
Microsoft Visual Studio Solution File, Format Version 12.00
# Visual Studio Version 16
VisualStudioVersion = 16.0.30611.23
MinimumVisualStudioVersion = 10.0.40219.1
Project("{FAE04EC0-301F-11D3-BF4B-00C04F79EFBC}") = "WebPerfildeAcesso", "WebPerfildeAcesso\WebPerfildeAcesso.csproj", "{911FFE3E-54FD-4C44-B2DE-4F0B059450F3}"
EndProject
Global
	GlobalSection(SolutionConfigurationPlatforms) = preSolution
		Debug|Any CPU = Debug|Any CPU
		Release|Any CPU = Release|Any CPU
	EndGlobalSection
	GlobalSection(ProjectConfigurationPlatforms) = postSolution
		{911FFE3E-54FD-4C44-B2DE-4F0B059450F3}.Debug|Any CPU.ActiveCfg = Debug|Any CPU
		{911FFE3E-54FD-4C44-B2DE-4F0B059450F3}.Debug|Any CPU.Build.0 = Debug|Any CPU
		{911FFE3E-54FD-4C44-B2DE-4F0B059450F3}.Release|Any CPU.ActiveCfg = Release|Any CPU
		{911FFE3E-54FD-4C44-B2DE-4F0B059450F3}.Release|Any CPU.Build.0 = Release|Any CPU
	EndGlobalSection
	GlobalSection(SolutionProperties) = preSolution
		HideSolutionNode = FALSE
	EndGlobalSection
	GlobalSection(ExtensibilityGlobals) = postSolution
		SolutionGuid = {0B5E17B1-7C60-4A6C-B328-8C115CFADC75}
	EndGlobalSection
EndGlobal
